// !$*UTF8*$!
{
	archiveVersion = 1;
	classes = {
	};
	objectVersion = 55;
	objects = {

/* Begin PBXBuildFile section */
		459BAC76280B312B001ADB7F /* AppDelegate.swift in Sources */ = {isa = PBXBuildFile; fileRef = 459BAC75280B312B001ADB7F /* AppDelegate.swift */; };
		459BAC78280B312B001ADB7F /* SceneDelegate.swift in Sources */ = {isa = PBXBuildFile; fileRef = 459BAC77280B312B001ADB7F /* SceneDelegate.swift */; };
		459BAC7D280B312B001ADB7F /* Main.storyboard in Resources */ = {isa = PBXBuildFile; fileRef = 459BAC7B280B312B001ADB7F /* Main.storyboard */; };
		459BAC7F280B312F001ADB7F /* Assets.xcassets in Resources */ = {isa = PBXBuildFile; fileRef = 459BAC7E280B312F001ADB7F /* Assets.xcassets */; };
		459BAC82280B312F001ADB7F /* LaunchScreen.storyboard in Resources */ = {isa = PBXBuildFile; fileRef = 459BAC80280B312F001ADB7F /* LaunchScreen.storyboard */; };
		459BAC8D280B31EB001ADB7F /* Question.swift in Sources */ = {isa = PBXBuildFile; fileRef = 459BAC8C280B31EB001ADB7F /* Question.swift */; };
		459BAC8F280B3213001ADB7F /* QuestionView.xib in Resources */ = {isa = PBXBuildFile; fileRef = 459BAC8E280B3213001ADB7F /* QuestionView.xib */; };
		459BAC91280B3246001ADB7F /* QuestionView.swift in Sources */ = {isa = PBXBuildFile; fileRef = 459BAC90280B3246001ADB7F /* QuestionView.swift */; };
		45DD97BE280B335700570D77 /* ExamController.swift in Sources */ = {isa = PBXBuildFile; fileRef = 45DD97BD280B335700570D77 /* ExamController.swift */; };
/* End PBXBuildFile section */

/* Begin PBXFileReference section */
		459BAC72280B312B001ADB7F /* mvc_questionnaire.app */ = {isa = PBXFileReference; explicitFileType = wrapper.application; includeInIndex = 0; path = mvc_questionnaire.app; sourceTree = BUILT_PRODUCTS_DIR; };
		459BAC75280B312B001ADB7F /* AppDelegate.swift */ = {isa = PBXFileReference; lastKnownFileType = sourcecode.swift; path = AppDelegate.swift; sourceTree = "<group>"; };
		459BAC77280B312B001ADB7F /* SceneDelegate.swift */ = {isa = PBXFileReference; lastKnownFileType = sourcecode.swift; path = SceneDelegate.swift; sourceTree = "<group>"; };
		459BAC7C280B312B001ADB7F /* Base */ = {isa = PBXFileReference; lastKnownFileType = file.storyboard; name = Base; path = Base.lproj/Main.storyboard; sourceTree = "<group>"; };
		459BAC7E280B312F001ADB7F /* Assets.xcassets */ = {isa = PBXFileReference; lastKnownFileType = folder.assetcatalog; path = Assets.xcassets; sourceTree = "<group>"; };
		459BAC81280B312F001ADB7F /* Base */ = {isa = PBXFileReference; lastKnownFileType = file.storyboard; name = Base; path = Base.lproj/LaunchScreen.storyboard; sourceTree = "<group>"; };
		459BAC83280B312F001ADB7F /* Info.plist */ = {isa = PBXFileReference; lastKnownFileType = text.plist.xml; path = Info.plist; sourceTree = "<group>"; };
		459BAC8C280B31EB001ADB7F /* Question.swift */ = {isa = PBXFileReference; lastKnownFileType = sourcecode.swift; path = Question.swift; sourceTree = "<group>"; };
		459BAC8E280B3213001ADB7F /* QuestionView.xib */ = {isa = PBXFileReference; lastKnownFileType = file.xib; path = QuestionView.xib; sourceTree = "<group>"; };
		459BAC90280B3246001ADB7F /* QuestionView.swift */ = {isa = PBXFileReference; lastKnownFileType = sourcecode.swift; path = QuestionView.swift; sourceTree = "<group>"; };
		45DD97BD280B335700570D77 /* ExamController.swift */ = {isa = PBXFileReference; lastKnownFileType = sourcecode.swift; path = ExamController.swift; sourceTree = "<group>"; };
/* End PBXFileReference section */

/* Begin PBXFrameworksBuildPhase section */
		459BAC6F280B312B001ADB7F /* Frameworks */ = {
			isa = PBXFrameworksBuildPhase;
			buildActionMask = 2147483647;
			files = (
			);
			runOnlyForDeploymentPostprocessing = 0;
		};
/* End PBXFrameworksBuildPhase section */

/* Begin PBXGroup section */
		459BAC69280B312B001ADB7F = {
			isa = PBXGroup;
			children = (
				459BAC74280B312B001ADB7F /* mvc_questionnaire */,
				459BAC73280B312B001ADB7F /* Products */,
			);
			sourceTree = "<group>";
		};
		459BAC73280B312B001ADB7F /* Products */ = {
			isa = PBXGroup;
			children = (
				459BAC72280B312B001ADB7F /* mvc_questionnaire.app */,
			);
			name = Products;
			sourceTree = "<group>";
		};
		459BAC74280B312B001ADB7F /* mvc_questionnaire */ = {
			isa = PBXGroup;
			children = (
				459BAC89280B3145001ADB7F /* Models */,
				459BAC8A280B314A001ADB7F /* Views */,
				459BAC8B280B3155001ADB7F /* Controllers */,
				459BAC75280B312B001ADB7F /* AppDelegate.swift */,
				459BAC77280B312B001ADB7F /* SceneDelegate.swift */,
				459BAC7B280B312B001ADB7F /* Main.storyboard */,
				459BAC7E280B312F001ADB7F /* Assets.xcassets */,
				459BAC80280B312F001ADB7F /* LaunchScreen.storyboard */,
				459BAC83280B312F001ADB7F /* Info.plist */,
			);
			path = mvc_questionnaire;
			sourceTree = "<group>";
		};
		459BAC89280B3145001ADB7F /* Models */ = {
			isa = PBXGroup;
			children = (
				459BAC8C280B31EB001ADB7F /* Question.swift */,
			);
			path = Models;
			sourceTree = "<group>";
		};
		459BAC8A280B314A001ADB7F /* Views */ = {
			isa = PBXGroup;
			children = (
				459BAC8E280B3213001ADB7F /* QuestionView.xib */,
				459BAC90280B3246001ADB7F /* QuestionView.swift */,
			);
			path = Views;
			sourceTree = "<group>";
		};
		459BAC8B280B3155001ADB7F /* Controllers */ = {
			isa = PBXGroup;
			children = (
				45DD97BD280B335700570D77 /* ExamController.swift */,
			);
			path = Controllers;
			sourceTree = "<group>";
		};
/* End PBXGroup section */

/* Begin PBXNativeTarget section */
		459BAC71280B312B001ADB7F /* mvc_questionnaire */ = {
			isa = PBXNativeTarget;
			buildConfigurationList = 459BAC86280B312F001ADB7F /* Build configuration list for PBXNativeTarget "mvc_questionnaire" */;
			buildPhases = (
				459BAC6E280B312B001ADB7F /* Sources */,
				459BAC6F280B312B001ADB7F /* Frameworks */,
				459BAC70280B312B001ADB7F /* Resources */,
			);
			buildRules = (
			);
			dependencies = (
			);
			name = mvc_questionnaire;
			productName = mvc_questionnaire;
			productReference = 459BAC72280B312B001ADB7F /* mvc_questionnaire.app */;
			productType = "com.apple.product-type.application";
		};
/* End PBXNativeTarget section */

/* Begin PBXProject section */
		459BAC6A280B312B001ADB7F /* Project object */ = {
			isa = PBXProject;
			attributes = {
				BuildIndependentTargetsInParallel = 1;
				LastSwiftUpdateCheck = 1330;
				LastUpgradeCheck = 1330;
				TargetAttributes = {
					459BAC71280B312B001ADB7F = {
						CreatedOnToolsVersion = 13.3;
					};
				};
			};
			buildConfigurationList = 459BAC6D280B312B001ADB7F /* Build configuration list for PBXProject "mvc_questionnaire" */;
			compatibilityVersion = "Xcode 13.0";
			developmentRegion = en;
			hasScannedForEncodings = 0;
			knownRegions = (
				en,
				Base,
			);
			mainGroup = 459BAC69280B312B001ADB7F;
			productRefGroup = 459BAC73280B312B001ADB7F /* Products */;
			projectDirPath = "";
			projectRoot = "";
			targets = (
				459BAC71280B312B001ADB7F /* mvc_questionnaire */,
			);
		};
/* End PBXProject section */

/* Begin PBXResourcesBuildPhase section */
		459BAC70280B312B001ADB7F /* Resources */ = {
			isa = PBXResourcesBuildPhase;
			buildActionMask = 2147483647;
			files = (
				459BAC8F280B3213001ADB7F /* QuestionView.xib in Resources */,
				459BAC82280B312F001ADB7F /* LaunchScreen.storyboard in Resources */,
				459BAC7F280B312F001ADB7F /* Assets.xcassets in Resources */,
				459BAC7D280B312B001ADB7F /* Main.storyboard in Resources */,
			);
			runOnlyForDeploymentPostprocessing = 0;
		};
/* End PBXResourcesBuildPhase section */

/* Begin PBXSourcesBuildPhase section */
		459BAC6E280B312B001ADB7F /* Sources */ = {
			isa = PBXSourcesBuildPhase;
			buildActionMask = 2147483647;
			files = (
				459BAC91280B3246001ADB7F /* QuestionView.swift in Sources */,
				45DD97BE280B335700570D77 /* ExamController.swift in Sources */,
				459BAC8D280B31EB001ADB7F /* Question.swift in Sources */,
				459BAC76280B312B001ADB7F /* AppDelegate.swift in Sources */,
				459BAC78280B312B001ADB7F /* SceneDelegate.swift in Sources */,
			);
			runOnlyForDeploymentPostprocessing = 0;
		};
/* End PBXSourcesBuildPhase section */

/* Begin PBXVariantGroup section */
		459BAC7B280B312B001ADB7F /* Main.storyboard */ = {
			isa = PBXVariantGroup;
			children = (
				459BAC7C280B312B001ADB7F /* Base */,
			);
			name = Main.storyboard;
			sourceTree = "<group>";
		};
		459BAC80280B312F001ADB7F /* LaunchScreen.storyboard */ = {
			isa = PBXVariantGroup;
			children = (
				459BAC81280B312F001ADB7F /* Base */,
			);
			name = LaunchScreen.storyboard;
			sourceTree = "<group>";
		};
/* End PBXVariantGroup section */

/* Begin XCBuildConfiguration section */
		459BAC84280B312F001ADB7F /* Debug */ = {
			isa = XCBuildConfiguration;
			buildSettings = {
				ALWAYS_SEARCH_USER_PATHS = NO;
				CLANG_ANALYZER_NONNULL = YES;
				CLANG_ANALYZER_NUMBER_OBJECT_CONVERSION = YES_AGGRESSIVE;
				CLANG_CXX_LANGUAGE_STANDARD = "gnu++17";
				CLANG_ENABLE_MODULES = YES;
				CLANG_ENABLE_OBJC_ARC = YES;
				CLANG_ENABLE_OBJC_WEAK = YES;
				CLANG_WARN_BLOCK_CAPTURE_AUTORELEASING = YES;
				CLANG_WARN_BOOL_CONVERSION = YES;
				CLANG_WARN_COMMA = YES;
				CLANG_WARN_CONSTANT_CONVERSION = YES;
				CLANG_WARN_DEPRECATED_OBJC_IMPLEMENTATIONS = YES;
				CLANG_WARN_DIRECT_OBJC_ISA_USAGE = YES_ERROR;
				CLANG_WARN_DOCUMENTATION_COMMENTS = YES;
				CLANG_WARN_EMPTY_BODY = YES;
				CLANG_WARN_ENUM_CONVERSION = YES;
				CLANG_WARN_INFINITE_RECURSION = YES;
				CLANG_WARN_INT_CONVERSION = YES;
				CLANG_WARN_NON_LITERAL_NULL_CONVERSION = YES;
				CLANG_WARN_OBJC_IMPLICIT_RETAIN_SELF = YES;
				CLANG_WARN_OBJC_LITERAL_CONVERSION = YES;
				CLANG_WARN_OBJC_ROOT_CLASS = YES_ERROR;
				CLANG_WARN_QUOTED_INCLUDE_IN_FRAMEWORK_HEADER = YES;
				CLANG_WARN_RANGE_LOOP_ANALYSIS = YES;
				CLANG_WARN_STRICT_PROTOTYPES = YES;
				CLANG_WARN_SUSPICIOUS_MOVE = YES;
				CLANG_WARN_UNGUARDED_AVAILABILITY = YES_AGGRESSIVE;
				CLANG_WARN_UNREACHABLE_CODE = YES;
				CLANG_WARN__DUPLICATE_METHOD_MATCH = YES;
				COPY_PHASE_STRIP = NO;
				DEBUG_INFORMATION_FORMAT = dwarf;
				ENABLE_STRICT_OBJC_MSGSEND = YES;
				ENABLE_TESTABILITY = YES;
				GCC_C_LANGUAGE_STANDARD = gnu11;
				GCC_DYNAMIC_NO_PIC = NO;
				GCC_NO_COMMON_BLOCKS = YES;
				GCC_OPTIMIZATION_LEVEL = 0;
				GCC_PREPROCESSOR_DEFINITIONS = (
					"DEBUG=1",
					"$(inherited)",
				);
				GCC_WARN_64_TO_32_BIT_CONVERSION = YES;
				GCC_WARN_ABOUT_RETURN_TYPE = YES_ERROR;
				GCC_WARN_UNDECLARED_SELECTOR = YES;
				GCC_WARN_UNINITIALIZED_AUTOS = YES_AGGRESSIVE;
				GCC_WARN_UNUSED_FUNCTION = YES;
				GCC_WARN_UNUSED_VARIABLE = YES;
				IPHONEOS_DEPLOYMENT_TARGET = 15.4;
				MTL_ENABLE_DEBUG_INFO = INCLUDE_SOURCE;
				MTL_FAST_MATH = YES;
				ONLY_ACTIVE_ARCH = YES;
				SDKROOT = iphoneos;
				SWIFT_ACTIVE_COMPILATION_CONDITIONS = DEBUG;
				SWIFT_OPTIMIZATION_LEVEL = "-Onone";
			};
			name = Debug;
		};
		459BAC85280B312F001ADB7F /* Release */ = {
			isa = XCBuildConfiguration;
			buildSettings = {
				ALWAYS_SEARCH_USER_PATHS = NO;
				CLANG_ANALYZER_NONNULL = YES;
				CLANG_ANALYZER_NUMBER_OBJECT_CONVERSION = YES_AGGRESSIVE;
				CLANG_CXX_LANGUAGE_STANDARD = "gnu++17";
				CLANG_ENABLE_MODULES = YES;
				CLANG_ENABLE_OBJC_ARC = YES;
				CLANG_ENABLE_OBJC_WEAK = YES;
				CLANG_WARN_BLOCK_CAPTURE_AUTORELEASING = YES;
				CLANG_WARN_BOOL_CONVERSION = YES;
				CLANG_WARN_COMMA = YES;
				CLANG_WARN_CONSTANT_CONVERSION = YES;
				CLANG_WARN_DEPRECATED_OBJC_IMPLEMENTATIONS = YES;
				CLANG_WARN_DIRECT_OBJC_ISA_USAGE = YES_ERROR;
				CLANG_WARN_DOCUMENTATION_COMMENTS = YES;
				CLANG_WARN_EMPTY_BODY = YES;
				CLANG_WARN_ENUM_CONVERSION = YES;
				CLANG_WARN_INFINITE_RECURSION = YES;
				CLANG_WARN_INT_CONVERSION = YES;
				CLANG_WARN_NON_LITERAL_NULL_CONVERSION = YES;
				CLANG_WARN_OBJC_IMPLICIT_RETAIN_SELF = YES;
				CLANG_WARN_OBJC_LITERAL_CONVERSION = YES;
				CLANG_WARN_OBJC_ROOT_CLASS = YES_ERROR;
				CLANG_WARN_QUOTED_INCLUDE_IN_FRAMEWORK_HEADER = YES;
				CLANG_WARN_RANGE_LOOP_ANALYSIS = YES;
				CLANG_WARN_STRICT_PROTOTYPES = YES;
				CLANG_WARN_SUSPICIOUS_MOVE = YES;
				CLANG_WARN_UNGUARDED_AVAILABILITY = YES_AGGRESSIVE;
				CLANG_WARN_UNREACHABLE_CODE = YES;
				CLANG_WARN__DUPLICATE_METHOD_MATCH = YES;
				COPY_PHASE_STRIP = NO;
				DEBUG_INFORMATION_FORMAT = "dwarf-with-dsym";
				ENABLE_NS_ASSERTIONS = NO;
				ENABLE_STRICT_OBJC_MSGSEND = YES;
				GCC_C_LANGUAGE_STANDARD = gnu11;
				GCC_NO_COMMON_BLOCKS = YES;
				GCC_WARN_64_TO_32_BIT_CONVERSION = YES;
				GCC_WARN_ABOUT_RETURN_TYPE = YES_ERROR;
				GCC_WARN_UNDECLARED_SELECTOR = YES;
				GCC_WARN_UNINITIALIZED_AUTOS = YES_AGGRESSIVE;
				GCC_WARN_UNUSED_FUNCTION = YES;
				GCC_WARN_UNUSED_VARIABLE = YES;
				IPHONEOS_DEPLOYMENT_TARGET = 15.4;
				MTL_ENABLE_DEBUG_INFO = NO;
				MTL_FAST_MATH = YES;
				SDKROOT = iphoneos;
				SWIFT_COMPILATION_MODE = wholemodule;
				SWIFT_OPTIMIZATION_LEVEL = "-O";
				VALIDATE_PRODUCT = YES;
			};
			name = Release;
		};
		459BAC87280B312F001ADB7F /* Debug */ = {
			isa = XCBuildConfiguration;
			buildSettings = {
				ASSETCATALOG_COMPILER_APPICON_NAME = AppIcon;
				ASSETCATALOG_COMPILER_GLOBAL_ACCENT_COLOR_NAME = AccentColor;
				CODE_SIGN_STYLE = Automatic;
				CURRENT_PROJECT_VERSION = 1;
				DEVELOPMENT_TEAM = T792HGNPDD;
				GENERATE_INFOPLIST_FILE = YES;
				INFOPLIST_FILE = mvc_questionnaire/Info.plist;
				INFOPLIST_KEY_UIApplicationSupportsIndirectInputEvents = YES;
				INFOPLIST_KEY_UILaunchStoryboardName = LaunchScreen;
				INFOPLIST_KEY_UIMainStoryboardFile = Main;
				INFOPLIST_KEY_UISupportedInterfaceOrientations_iPad = "UIInterfaceOrientationPortrait UIInterfaceOrientationPortraitUpsideDown UIInterfaceOrientationLandscapeLeft UIInterfaceOrientationLandscapeRight";
				INFOPLIST_KEY_UISupportedInterfaceOrientations_iPhone = "UIInterfaceOrientationPortrait UIInterfaceOrientationLandscapeLeft UIInterfaceOrientationLandscapeRight";
				LD_RUNPATH_SEARCH_PATHS = (
					"$(inherited)",
					"@executable_path/Frameworks",
				);
				MARKETING_VERSION = 1.0;
				PRODUCT_BUNDLE_IDENTIFIER = "com.jansen.ducusin.mvc-questionnaire";
				PRODUCT_NAME = "$(TARGET_NAME)";
				SWIFT_EMIT_LOC_STRINGS = YES;
				SWIFT_VERSION = 5.0;
				TARGETED_DEVICE_FAMILY = "1,2";
			};
			name = Debug;
		};
		459BAC88280B312F001ADB7F /* Release */ = {
			isa = XCBuildConfiguration;
			buildSettings = {
				ASSETCATALOG_COMPILER_APPICON_NAME = AppIcon;
				ASSETCATALOG_COMPILER_GLOBAL_ACCENT_COLOR_NAME = AccentColor;
				CODE_SIGN_STYLE = Automatic;
				CURRENT_PROJECT_VERSION = 1;
				DEVELOPMENT_TEAM = T792HGNPDD;
				GENERATE_INFOPLIST_FILE = YES;
				INFOPLIST_FILE = mvc_questionnaire/Info.plist;
				INFOPLIST_KEY_UIApplicationSupportsIndirectInputEvents = YES;
				INFOPLIST_KEY_UILaunchStoryboardName = LaunchScreen;
				INFOPLIST_KEY_UIMainStoryboardFile = Main;
				INFOPLIST_KEY_UISupportedInterfaceOrientations_iPad = "UIInterfaceOrientationPortrait UIInterfaceOrientationPortraitUpsideDown UIInterfaceOrientationLandscapeLeft UIInterfaceOrientationLandscapeRight";
				INFOPLIST_KEY_UISupportedInterfaceOrientations_iPhone = "UIInterfaceOrientationPortrait UIInterfaceOrientationLandscapeLeft UIInterfaceOrientationLandscapeRight";
				LD_RUNPATH_SEARCH_PATHS = (
					"$(inherited)",
					"@executable_path/Frameworks",
				);
				MARKETING_VERSION = 1.0;
				PRODUCT_BUNDLE_IDENTIFIER = "com.jansen.ducusin.mvc-questionnaire";
				PRODUCT_NAME = "$(TARGET_NAME)";
				SWIFT_EMIT_LOC_STRINGS = YES;
				SWIFT_VERSION = 5.0;
				TARGETED_DEVICE_FAMILY = "1,2";
			};
			name = Release;
		};
/* End XCBuildConfiguration section */

/* Begin XCConfigurationList section */
		459BAC6D280B312B001ADB7F /* Build configuration list for PBXProject "mvc_questionnaire" */ = {
			isa = XCConfigurationList;
			buildConfigurations = (
				459BAC84280B312F001ADB7F /* Debug */,
				459BAC85280B312F001ADB7F /* Release */,
			);
			defaultConfigurationIsVisible = 0;
			defaultConfigurationName = Release;
		};
		459BAC86280B312F001ADB7F /* Build configuration list for PBXNativeTarget "mvc_questionnaire" */ = {
			isa = XCConfigurationList;
			buildConfigurations = (
				459BAC87280B312F001ADB7F /* Debug */,
				459BAC88280B312F001ADB7F /* Release */,
			);
			defaultConfigurationIsVisible = 0;
			defaultConfigurationName = Release;
		};
/* End XCConfigurationList section */
	};
	rootObject = 459BAC6A280B312B001ADB7F /* Project object */;
}
